
Microsoft Visual Studio Solution File, Format Version 12.00
# Visual Studio Version 17
VisualStudioVersion = 17.11.35312.102
MinimumVisualStudioVersion = 10.0.40219.1
Project("{8BC9CEB8-8B4A-11D0-8D11-00A0C91BC942}") = "Lab1", "Lab1\Lab1.vcxproj", "{06B93BD8-D8DB-40A3-8CAC-32C59278E38A}"
EndProject
Project("{8BC9CEB8-8B4A-11D0-8D11-00A0C91BC942}") = "Lab2", "Lab2\Lab2.vcxproj", "{208F2843-40A7-4B53-8A07-C454E50878BC}"
EndProject
Project("{8BC9CEB8-8B4A-11D0-8D11-00A0C91BC942}") = "Lab3", "Lab3\Lab3.vcxproj", "{985D62BD-776A-4E4B-83C7-087FC2AC6AFF}"
EndProject
Project("{8BC9CEB8-8B4A-11D0-8D11-00A0C91BC942}") = "Lab4", "Lab4\Lab4.vcxproj", "{48E72A32-D988-424F-B153-AC4A1AC0D43E}"
EndProject
Project("{8BC9CEB8-8B4A-11D0-8D11-00A0C91BC942}") = "Lab5", "Lab5\Lab5.vcxproj", "{77EA2402-7FA5-49EE-A3EF-4155F6A5FE62}"
EndProject
Project("{8BC9CEB8-8B4A-11D0-8D11-00A0C91BC942}") = "Lab6", "Lab6\Lab6.vcxproj", "{7EF31CD0-41A6-44A8-AEE5-2EC307835238}"
EndProject
Project("{8BC9CEB8-8B4A-11D0-8D11-00A0C91BC942}") = "Lab7", "Lab7\Lab7.vcxproj", "{144379D6-EC70-4EB8-805B-8FE08B57F1C8}"
EndProject
Project("{8BC9CEB8-8B4A-11D0-8D11-00A0C91BC942}") = "Coursework", "Coursework\Coursework.vcxproj", "{12A30CB4-7AE3-4EA1-95E8-A0288D070E19}"
EndProject
Project("{8BC9CEB8-8B4A-11D0-8D11-00A0C91BC942}") = "Common", "Common\Common.vcxproj", "{C71124BA-C87F-4774-814C-CB9C09FD9614}"
EndProject
Global
	GlobalSection(SolutionConfigurationPlatforms) = preSolution
		Debug|x64 = Debug|x64
		Debug|x86 = Debug|x86
		Release|x64 = Release|x64
		Release|x86 = Release|x86
	EndGlobalSection
	GlobalSection(ProjectConfigurationPlatforms) = postSolution
		{06B93BD8-D8DB-40A3-8CAC-32C59278E38A}.Debug|x64.ActiveCfg = Debug|x64
		{06B93BD8-D8DB-40A3-8CAC-32C59278E38A}.Debug|x64.Build.0 = Debug|x64
		{06B93BD8-D8DB-40A3-8CAC-32C59278E38A}.Debug|x86.ActiveCfg = Debug|Win32
		{06B93BD8-D8DB-40A3-8CAC-32C59278E38A}.Debug|x86.Build.0 = Debug|Win32
		{06B93BD8-D8DB-40A3-8CAC-32C59278E38A}.Release|x64.ActiveCfg = Release|x64
		{06B93BD8-D8DB-40A3-8CAC-32C59278E38A}.Release|x64.Build.0 = Release|x64
		{06B93BD8-D8DB-40A3-8CAC-32C59278E38A}.Release|x86.ActiveCfg = Release|Win32
		{06B93BD8-D8DB-40A3-8CAC-32C59278E38A}.Release|x86.Build.0 = Release|Win32
		{208F2843-40A7-4B53-8A07-C454E50878BC}.Debug|x64.ActiveCfg = Debug|x64
		{208F2843-40A7-4B53-8A07-C454E50878BC}.Debug|x64.Build.0 = Debug|x64
		{208F2843-40A7-4B53-8A07-C454E50878BC}.Debug|x86.ActiveCfg = Debug|Win32
		{208F2843-40A7-4B53-8A07-C454E50878BC}.Debug|x86.Build.0 = Debug|Win32
		{208F2843-40A7-4B53-8A07-C454E50878BC}.Release|x64.ActiveCfg = Release|x64
		{208F2843-40A7-4B53-8A07-C454E50878BC}.Release|x64.Build.0 = Release|x64
		{208F2843-40A7-4B53-8A07-C454E50878BC}.Release|x86.ActiveCfg = Release|Win32
		{208F2843-40A7-4B53-8A07-C454E50878BC}.Release|x86.Build.0 = Release|Win32
		{985D62BD-776A-4E4B-83C7-087FC2AC6AFF}.Debug|x64.ActiveCfg = Debug|x64
		{985D62BD-776A-4E4B-83C7-087FC2AC6AFF}.Debug|x64.Build.0 = Debug|x64
		{985D62BD-776A-4E4B-83C7-087FC2AC6AFF}.Debug|x86.ActiveCfg = Debug|Win32
		{985D62BD-776A-4E4B-83C7-087FC2AC6AFF}.Debug|x86.Build.0 = Debug|Win32
		{985D62BD-776A-4E4B-83C7-087FC2AC6AFF}.Release|x64.ActiveCfg = Release|x64
		{985D62BD-776A-4E4B-83C7-087FC2AC6AFF}.Release|x64.Build.0 = Release|x64
		{985D62BD-776A-4E4B-83C7-087FC2AC6AFF}.Release|x86.ActiveCfg = Release|Win32
		{985D62BD-776A-4E4B-83C7-087FC2AC6AFF}.Release|x86.Build.0 = Release|Win32
		{48E72A32-D988-424F-B153-AC4A1AC0D43E}.Debug|x64.ActiveCfg = Debug|x64
		{48E72A32-D988-424F-B153-AC4A1AC0D43E}.Debug|x64.Build.0 = Debug|x64
		{48E72A32-D988-424F-B153-AC4A1AC0D43E}.Debug|x86.ActiveCfg = Debug|Win32
		{48E72A32-D988-424F-B153-AC4A1AC0D43E}.Debug|x86.Build.0 = Debug|Win32
		{48E72A32-D988-424F-B153-AC4A1AC0D43E}.Release|x64.ActiveCfg = Release|x64
		{48E72A32-D988-424F-B153-AC4A1AC0D43E}.Release|x64.Build.0 = Release|x64
		{48E72A32-D988-424F-B153-AC4A1AC0D43E}.Release|x86.ActiveCfg = Release|Win32
		{48E72A32-D988-424F-B153-AC4A1AC0D43E}.Release|x86.Build.0 = Release|Win32
		{77EA2402-7FA5-49EE-A3EF-4155F6A5FE62}.Debug|x64.ActiveCfg = Debug|x64
		{77EA2402-7FA5-49EE-A3EF-4155F6A5FE62}.Debug|x64.Build.0 = Debug|x64
		{77EA2402-7FA5-49EE-A3EF-4155F6A5FE62}.Debug|x86.ActiveCfg = Debug|Win32
		{77EA2402-7FA5-49EE-A3EF-4155F6A5FE62}.Debug|x86.Build.0 = Debug|Win32
		{77EA2402-7FA5-49EE-A3EF-4155F6A5FE62}.Release|x64.ActiveCfg = Release|x64
		{77EA2402-7FA5-49EE-A3EF-4155F6A5FE62}.Release|x64.Build.0 = Release|x64
		{77EA2402-7FA5-49EE-A3EF-4155F6A5FE62}.Release|x86.ActiveCfg = Release|Win32
		{77EA2402-7FA5-49EE-A3EF-4155F6A5FE62}.Release|x86.Build.0 = Release|Win32
		{7EF31CD0-41A6-44A8-AEE5-2EC307835238}.Debug|x64.ActiveCfg = Debug|x64
		{7EF31CD0-41A6-44A8-AEE5-2EC307835238}.Debug|x64.Build.0 = Debug|x64
		{7EF31CD0-41A6-44A8-AEE5-2EC307835238}.Debug|x86.ActiveCfg = Debug|Win32
		{7EF31CD0-41A6-44A8-AEE5-2EC307835238}.Debug|x86.Build.0 = Debug|Win32
		{7EF31CD0-41A6-44A8-AEE5-2EC307835238}.Release|x64.ActiveCfg = Release|x64
		{7EF31CD0-41A6-44A8-AEE5-2EC307835238}.Release|x64.Build.0 = Release|x64
		{7EF31CD0-41A6-44A8-AEE5-2EC307835238}.Release|x86.ActiveCfg = Release|Win32
		{7EF31CD0-41A6-44A8-AEE5-2EC307835238}.Release|x86.Build.0 = Release|Win32
		{144379D6-EC70-4EB8-805B-8FE08B57F1C8}.Debug|x64.ActiveCfg = Debug|x64
		{144379D6-EC70-4EB8-805B-8FE08B57F1C8}.Debug|x64.Build.0 = Debug|x64
		{144379D6-EC70-4EB8-805B-8FE08B57F1C8}.Debug|x86.ActiveCfg = Debug|Win32
		{144379D6-EC70-4EB8-805B-8FE08B57F1C8}.Debug|x86.Build.0 = Debug|Win32
		{144379D6-EC70-4EB8-805B-8FE08B57F1C8}.Release|x64.ActiveCfg = Release|x64
		{144379D6-EC70-4EB8-805B-8FE08B57F1C8}.Release|x64.Build.0 = Release|x64
		{144379D6-EC70-4EB8-805B-8FE08B57F1C8}.Release|x86.ActiveCfg = Release|Win32
		{144379D6-EC70-4EB8-805B-8FE08B57F1C8}.Release|x86.Build.0 = Release|Win32
		{12A30CB4-7AE3-4EA1-95E8-A0288D070E19}.Debug|x64.ActiveCfg = Debug|x64
		{12A30CB4-7AE3-4EA1-95E8-A0288D070E19}.Debug|x64.Build.0 = Debug|x64
		{12A30CB4-7AE3-4EA1-95E8-A0288D070E19}.Debug|x86.ActiveCfg = Debug|Win32
		{12A30CB4-7AE3-4EA1-95E8-A0288D070E19}.Debug|x86.Build.0 = Debug|Win32
		{12A30CB4-7AE3-4EA1-95E8-A0288D070E19}.Release|x64.ActiveCfg = Release|x64
		{12A30CB4-7AE3-4EA1-95E8-A0288D070E19}.Release|x64.Build.0 = Release|x64
		{12A30CB4-7AE3-4EA1-95E8-A0288D070E19}.Release|x86.ActiveCfg = Release|Win32
		{12A30CB4-7AE3-4EA1-95E8-A0288D070E19}.Release|x86.Build.0 = Release|Win32
		{C71124BA-C87F-4774-814C-CB9C09FD9614}.Debug|x64.ActiveCfg = Debug|x64
		{C71124BA-C87F-4774-814C-CB9C09FD9614}.Debug|x64.Build.0 = Debug|x64
		{C71124BA-C87F-4774-814C-CB9C09FD9614}.Debug|x86.ActiveCfg = Debug|Win32
		{C71124BA-C87F-4774-814C-CB9C09FD9614}.Debug|x86.Build.0 = Debug|Win32
		{C71124BA-C87F-4774-814C-CB9C09FD9614}.Release|x64.ActiveCfg = Release|x64
		{C71124BA-C87F-4774-814C-CB9C09FD9614}.Release|x64.Build.0 = Release|x64
		{C71124BA-C87F-4774-814C-CB9C09FD9614}.Release|x86.ActiveCfg = Release|Win32
		{C71124BA-C87F-4774-814C-CB9C09FD9614}.Release|x86.Build.0 = Release|Win32
	EndGlobalSection
	GlobalSection(SolutionProperties) = preSolution
		HideSolutionNode = FALSE
	EndGlobalSection
	GlobalSection(ExtensibilityGlobals) = postSolution
		SolutionGuid = {5E2CFCEB-EC52-4C5F-9ACA-4A1C6C8E1816}
	EndGlobalSection
EndGlobal
